
Microsoft Visual Studio Solution File, Format Version 12.00
# Visual Studio Version 17
VisualStudioVersion = 17.6.33927.249
MinimumVisualStudioVersion = 10.0.40219.1
Project("{FAE04EC0-301F-11D3-BF4B-00C04F79EFBC}") = "CosoleExamples_1", "CosoleExamples_1.csproj", "{C254BF24-1D6F-4932-A428-181151C3C03C}"
EndProject
Global
	GlobalSection(SolutionConfigurationPlatforms) = preSolution
		Debug|Any CPU = Debug|Any CPU
		Release|Any CPU = Release|Any CPU
	EndGlobalSection
	GlobalSection(ProjectConfigurationPlatforms) = postSolution
		{C254BF24-1D6F-4932-A428-181151C3C03C}.Debug|Any CPU.ActiveCfg = Debug|Any CPU
		{C254BF24-1D6F-4932-A428-181151C3C03C}.Debug|Any CPU.Build.0 = Debug|Any CPU
		{C254BF24-1D6F-4932-A428-181151C3C03C}.Release|Any CPU.ActiveCfg = Release|Any CPU
		{C254BF24-1D6F-4932-A428-181151C3C03C}.Release|Any CPU.Build.0 = Release|Any CPU
	EndGlobalSection
	GlobalSection(SolutionProperties) = preSolution
		HideSolutionNode = FALSE
	EndGlobalSection
	GlobalSection(ExtensibilityGlobals) = postSolution
		SolutionGuid = {658BAF2D-7D8B-4F79-AA76-E4EA266C4C38}
	EndGlobalSection
EndGlobal
